
Microsoft Visual Studio Solution File, Format Version 12.00
# Visual Studio Version 17
VisualStudioVersion = 17.6.33723.286
MinimumVisualStudioVersion = 10.0.40219.1
Project("{9A19103F-16F7-4668-BE54-9A1E7A4F7556}") = "YinMu", "YinMu.csproj", "{7E5194D4-32FA-409D-A2E5-BDC8986A9023}"
EndProject
Global
	GlobalSection(SolutionConfigurationPlatforms) = preSolution
		Debug|Any CPU = Debug|Any CPU
		Release|Any CPU = Release|Any CPU
	EndGlobalSection
	GlobalSection(ProjectConfigurationPlatforms) = postSolution
		{7E5194D4-32FA-409D-A2E5-BDC8986A9023}.Debug|Any CPU.ActiveCfg = Debug|Any CPU
		{7E5194D4-32FA-409D-A2E5-BDC8986A9023}.Debug|Any CPU.Build.0 = Debug|Any CPU
		{7E5194D4-32FA-409D-A2E5-BDC8986A9023}.Release|Any CPU.ActiveCfg = Release|Any CPU
		{7E5194D4-32FA-409D-A2E5-BDC8986A9023}.Release|Any CPU.Build.0 = Release|Any CPU
	EndGlobalSection
	GlobalSection(SolutionProperties) = preSolution
		HideSolutionNode = FALSE
	EndGlobalSection
	GlobalSection(ExtensibilityGlobals) = postSolution
		SolutionGuid = {0C32CD11-5775-4D82-9134-A1F090292930}
	EndGlobalSection
EndGlobal
